{
  "name": "lan-command-runner",
  "version": "0.13.0",
  "lockfileVersion": 3,
  "requires": true,
  "packages": {
    "": {
      "name": "lan-command-runner",
      "version": "0.13.0",
      "license": "MIT",
      "bin": {
        "lan-command-runner": "bin/lcr-cli.js",
        "lcr": "bin/lcr.js",
        "lcr-cli": "bin/lcr-cli.js"
      }
    }
  }
}
